
Microsoft Visual Studio Solution File, Format Version 12.00
# Visual Studio Version 17
VisualStudioVersion = 17.5.33516.290
MinimumVisualStudioVersion = 10.0.40219.1
Project("{FAE04EC0-301F-11D3-BF4B-00C04F79EFBC}") = "OptoCoderEcommerceApi", "OptoCoderEcommerceApi\OptoCoderEcommerceApi.csproj", "{4D42D711-B7F9-43EA-9F3B-B82E4C865AB9}"
EndProject
Global
	GlobalSection(SolutionConfigurationPlatforms) = preSolution
		Debug|Any CPU = Debug|Any CPU
		Release|Any CPU = Release|Any CPU
	EndGlobalSection
	GlobalSection(ProjectConfigurationPlatforms) = postSolution
		{4D42D711-B7F9-43EA-9F3B-B82E4C865AB9}.Debug|Any CPU.ActiveCfg = Debug|Any CPU
		{4D42D711-B7F9-43EA-9F3B-B82E4C865AB9}.Debug|Any CPU.Build.0 = Debug|Any CPU
		{4D42D711-B7F9-43EA-9F3B-B82E4C865AB9}.Release|Any CPU.ActiveCfg = Release|Any CPU
		{4D42D711-B7F9-43EA-9F3B-B82E4C865AB9}.Release|Any CPU.Build.0 = Release|Any CPU
	EndGlobalSection
	GlobalSection(SolutionProperties) = preSolution
		HideSolutionNode = FALSE
	EndGlobalSection
	GlobalSection(ExtensibilityGlobals) = postSolution
		SolutionGuid = {7B7DB28B-2124-4D3B-A632-DA5206C14145}
	EndGlobalSection
EndGlobal
